
Microsoft Visual Studio Solution File, Format Version 12.00
# Visual Studio 15
Project("{FAE04EC0-301F-11D3-BF4B-00C04F79EFBC}") = "cs-learning", "cs-learning\cs-learning.csproj", "{8A09EAC8-9A58-4704-BCD1-3132F43B8B55}"
EndProject
Global
	GlobalSection(SolutionConfigurationPlatforms) = preSolution
		Debug|Any CPU = Debug|Any CPU
		Release|Any CPU = Release|Any CPU
	EndGlobalSection
	GlobalSection(ProjectConfigurationPlatforms) = postSolution
		{8A09EAC8-9A58-4704-BCD1-3132F43B8B55}.Debug|Any CPU.ActiveCfg = Debug|Any CPU
		{8A09EAC8-9A58-4704-BCD1-3132F43B8B55}.Debug|Any CPU.Build.0 = Debug|Any CPU
		{8A09EAC8-9A58-4704-BCD1-3132F43B8B55}.Release|Any CPU.ActiveCfg = Release|Any CPU
		{8A09EAC8-9A58-4704-BCD1-3132F43B8B55}.Release|Any CPU.Build.0 = Release|Any CPU
	EndGlobalSection
EndGlobal
